
Microsoft Visual Studio Solution File, Format Version 12.00
# Visual Studio Version 17
VisualStudioVersion = 17.6.33829.357
MinimumVisualStudioVersion = 10.0.40219.1
Project("{FAE04EC0-301F-11D3-BF4B-00C04F79EFBC}") = "Presentation", "Presentation\Presentation.csproj", "{4E511665-8D5E-42F2-A20D-64A367A93E43}"
EndProject
Project("{FAE04EC0-301F-11D3-BF4B-00C04F79EFBC}") = "DataAccess", "DataAccess\DataAccess.csproj", "{3522888A-30BE-45D4-BC84-4D9328F9775F}"
EndProject
Project("{FAE04EC0-301F-11D3-BF4B-00C04F79EFBC}") = "Business", "Business\Business.csproj", "{66CD3E0D-A0C7-4957-AC81-F6ADE12488C4}"
EndProject
Project("{FAE04EC0-301F-11D3-BF4B-00C04F79EFBC}") = "Common", "Common\Common.csproj", "{9DF8B637-F051-439B-82E2-0A7EAA690888}"
EndProject
Global
	GlobalSection(SolutionConfigurationPlatforms) = preSolution
		Debug|Any CPU = Debug|Any CPU
		Release|Any CPU = Release|Any CPU
	EndGlobalSection
	GlobalSection(ProjectConfigurationPlatforms) = postSolution
		{4E511665-8D5E-42F2-A20D-64A367A93E43}.Debug|Any CPU.ActiveCfg = Debug|Any CPU
		{4E511665-8D5E-42F2-A20D-64A367A93E43}.Debug|Any CPU.Build.0 = Debug|Any CPU
		{4E511665-8D5E-42F2-A20D-64A367A93E43}.Release|Any CPU.ActiveCfg = Release|Any CPU
		{4E511665-8D5E-42F2-A20D-64A367A93E43}.Release|Any CPU.Build.0 = Release|Any CPU
		{3522888A-30BE-45D4-BC84-4D9328F9775F}.Debug|Any CPU.ActiveCfg = Debug|Any CPU
		{3522888A-30BE-45D4-BC84-4D9328F9775F}.Debug|Any CPU.Build.0 = Debug|Any CPU
		{3522888A-30BE-45D4-BC84-4D9328F9775F}.Release|Any CPU.ActiveCfg = Release|Any CPU
		{3522888A-30BE-45D4-BC84-4D9328F9775F}.Release|Any CPU.Build.0 = Release|Any CPU
		{66CD3E0D-A0C7-4957-AC81-F6ADE12488C4}.Debug|Any CPU.ActiveCfg = Debug|Any CPU
		{66CD3E0D-A0C7-4957-AC81-F6ADE12488C4}.Debug|Any CPU.Build.0 = Debug|Any CPU
		{66CD3E0D-A0C7-4957-AC81-F6ADE12488C4}.Release|Any CPU.ActiveCfg = Release|Any CPU
		{66CD3E0D-A0C7-4957-AC81-F6ADE12488C4}.Release|Any CPU.Build.0 = Release|Any CPU
		{9DF8B637-F051-439B-82E2-0A7EAA690888}.Debug|Any CPU.ActiveCfg = Debug|Any CPU
		{9DF8B637-F051-439B-82E2-0A7EAA690888}.Debug|Any CPU.Build.0 = Debug|Any CPU
		{9DF8B637-F051-439B-82E2-0A7EAA690888}.Release|Any CPU.ActiveCfg = Release|Any CPU
		{9DF8B637-F051-439B-82E2-0A7EAA690888}.Release|Any CPU.Build.0 = Release|Any CPU
	EndGlobalSection
	GlobalSection(SolutionProperties) = preSolution
		HideSolutionNode = FALSE
	EndGlobalSection
	GlobalSection(ExtensibilityGlobals) = postSolution
		SolutionGuid = {63EAD36F-96C3-4F10-ABE0-7B8A85C14A00}
	EndGlobalSection
EndGlobal
